
Microsoft Visual Studio Solution File, Format Version 12.00
# Visual Studio 14
VisualStudioVersion = 14.0.22310.1
MinimumVisualStudioVersion = 10.0.40219.1
Project("{2150E333-8FDC-42A3-9474-1A3956D46DE8}") = "Engine", "Engine", "{5189114B-7B2A-4486-8450-A080925463CF}"
EndProject
Project("{2150E333-8FDC-42A3-9474-1A3956D46DE8}") = "Games", "Games", "{F8B3C9E4-E04A-4886-93FA-D415227A875A}"
EndProject
Project("{8BC9CEB8-8B4A-11D0-8D11-00A0C91BC942}") = "UE4", "Intermediate\ProjectFiles\UE4.vcxproj", "{B3742F92-4965-449A-A1EF-0C1565B09A80}"
EndProject
Project("{8BC9CEB8-8B4A-11D0-8D11-00A0C91BC942}") = "Strat", "Intermediate\ProjectFiles\Strat.vcxproj", "{BDEA0C04-FBC3-4AC7-9A01-ADC57B7790AD}"
EndProject
Global
	GlobalSection(SolutionConfigurationPlatforms) = preSolution
		DebugGame Editor|Android = DebugGame Editor|Android
		DebugGame Editor|HTML5 = DebugGame Editor|HTML5
		DebugGame Editor|Win32 = DebugGame Editor|Win32
		DebugGame Editor|Win64 = DebugGame Editor|Win64
		DebugGame|Android = DebugGame|Android
		DebugGame|HTML5 = DebugGame|HTML5
		DebugGame|Win32 = DebugGame|Win32
		DebugGame|Win64 = DebugGame|Win64
		Development Editor|Android = Development Editor|Android
		Development Editor|HTML5 = Development Editor|HTML5
		Development Editor|Win32 = Development Editor|Win32
		Development Editor|Win64 = Development Editor|Win64
		Development|Android = Development|Android
		Development|HTML5 = Development|HTML5
		Development|Win32 = Development|Win32
		Development|Win64 = Development|Win64
		Shipping|Android = Shipping|Android
		Shipping|HTML5 = Shipping|HTML5
		Shipping|Win32 = Shipping|Win32
		Shipping|Win64 = Shipping|Win64
	EndGlobalSection
	GlobalSection(ProjectConfigurationPlatforms) = postSolution
		{BDEA0C04-FBC3-4AC7-9A01-ADC57B7790AD}.DebugGame Editor|Android.ActiveCfg = DebugGame_Editor|Tegra-Android
		{BDEA0C04-FBC3-4AC7-9A01-ADC57B7790AD}.DebugGame Editor|HTML5.ActiveCfg = HTML5_DebugGame_Editor|Win32
		{BDEA0C04-FBC3-4AC7-9A01-ADC57B7790AD}.DebugGame Editor|Win32.ActiveCfg = DebugGame_Editor|Win32
		{BDEA0C04-FBC3-4AC7-9A01-ADC57B7790AD}.DebugGame Editor|Win64.ActiveCfg = DebugGame_Editor|x64
		{BDEA0C04-FBC3-4AC7-9A01-ADC57B7790AD}.DebugGame Editor|Win64.Build.0 = DebugGame_Editor|x64
		{BDEA0C04-FBC3-4AC7-9A01-ADC57B7790AD}.DebugGame|Android.ActiveCfg = DebugGame_Game|Tegra-Android
		{BDEA0C04-FBC3-4AC7-9A01-ADC57B7790AD}.DebugGame|Android.Build.0 = DebugGame_Game|Tegra-Android
		{BDEA0C04-FBC3-4AC7-9A01-ADC57B7790AD}.DebugGame|HTML5.ActiveCfg = HTML5_DebugGame_Game|Win32
		{BDEA0C04-FBC3-4AC7-9A01-ADC57B7790AD}.DebugGame|HTML5.Build.0 = HTML5_DebugGame_Game|Win32
		{BDEA0C04-FBC3-4AC7-9A01-ADC57B7790AD}.DebugGame|Win32.ActiveCfg = DebugGame_Game|Win32
		{BDEA0C04-FBC3-4AC7-9A01-ADC57B7790AD}.DebugGame|Win32.Build.0 = DebugGame_Game|Win32
		{BDEA0C04-FBC3-4AC7-9A01-ADC57B7790AD}.DebugGame|Win64.ActiveCfg = DebugGame_Game|x64
		{BDEA0C04-FBC3-4AC7-9A01-ADC57B7790AD}.DebugGame|Win64.Build.0 = DebugGame_Game|x64
		{BDEA0C04-FBC3-4AC7-9A01-ADC57B7790AD}.Development Editor|Android.ActiveCfg = Development_Editor|Tegra-Android
		{BDEA0C04-FBC3-4AC7-9A01-ADC57B7790AD}.Development Editor|HTML5.ActiveCfg = HTML5_Development_Editor|Win32
		{BDEA0C04-FBC3-4AC7-9A01-ADC57B7790AD}.Development Editor|Win32.ActiveCfg = Development_Editor|Win32
		{BDEA0C04-FBC3-4AC7-9A01-ADC57B7790AD}.Development Editor|Win64.ActiveCfg = Development_Editor|x64
		{BDEA0C04-FBC3-4AC7-9A01-ADC57B7790AD}.Development Editor|Win64.Build.0 = Development_Editor|x64
		{BDEA0C04-FBC3-4AC7-9A01-ADC57B7790AD}.Development|Android.ActiveCfg = Development_Game|Tegra-Android
		{BDEA0C04-FBC3-4AC7-9A01-ADC57B7790AD}.Development|Android.Build.0 = Development_Game|Tegra-Android
		{BDEA0C04-FBC3-4AC7-9A01-ADC57B7790AD}.Development|HTML5.ActiveCfg = HTML5_Development_Game|Win32
		{BDEA0C04-FBC3-4AC7-9A01-ADC57B7790AD}.Development|HTML5.Build.0 = HTML5_Development_Game|Win32
		{BDEA0C04-FBC3-4AC7-9A01-ADC57B7790AD}.Development|Win32.ActiveCfg = Development_Game|Win32
		{BDEA0C04-FBC3-4AC7-9A01-ADC57B7790AD}.Development|Win32.Build.0 = Development_Game|Win32
		{BDEA0C04-FBC3-4AC7-9A01-ADC57B7790AD}.Development|Win64.ActiveCfg = Development_Game|x64
		{BDEA0C04-FBC3-4AC7-9A01-ADC57B7790AD}.Development|Win64.Build.0 = Development_Game|x64
		{BDEA0C04-FBC3-4AC7-9A01-ADC57B7790AD}.Shipping|Android.ActiveCfg = Shipping_Game|Tegra-Android
		{BDEA0C04-FBC3-4AC7-9A01-ADC57B7790AD}.Shipping|Android.Build.0 = Shipping_Game|Tegra-Android
		{BDEA0C04-FBC3-4AC7-9A01-ADC57B7790AD}.Shipping|HTML5.ActiveCfg = HTML5_Shipping_Game|Win32
		{BDEA0C04-FBC3-4AC7-9A01-ADC57B7790AD}.Shipping|HTML5.Build.0 = HTML5_Shipping_Game|Win32
		{BDEA0C04-FBC3-4AC7-9A01-ADC57B7790AD}.Shipping|Win32.ActiveCfg = Shipping_Game|Win32
		{BDEA0C04-FBC3-4AC7-9A01-ADC57B7790AD}.Shipping|Win32.Build.0 = Shipping_Game|Win32
		{BDEA0C04-FBC3-4AC7-9A01-ADC57B7790AD}.Shipping|Win64.ActiveCfg = Shipping_Game|x64
		{BDEA0C04-FBC3-4AC7-9A01-ADC57B7790AD}.Shipping|Win64.Build.0 = Shipping_Game|x64
	EndGlobalSection
	GlobalSection(SolutionProperties) = preSolution
		HideSolutionNode = FALSE
	EndGlobalSection
	GlobalSection(NestedProjects) = preSolution
		{B3742F92-4965-449A-A1EF-0C1565B09A80} = {5189114B-7B2A-4486-8450-A080925463CF}
		{BDEA0C04-FBC3-4AC7-9A01-ADC57B7790AD} = {F8B3C9E4-E04A-4886-93FA-D415227A875A}
	EndGlobalSection
EndGlobal
